
Microsoft Visual Studio Solution File, Format Version 12.00
# Visual Studio Version 17
VisualStudioVersion = 17.4.33205.214
MinimumVisualStudioVersion = 10.0.40219.1
Project("{E24C65DC-7377-472B-9ABA-BC803B73C61A}") = "LibrarySystem", ".", "{B2342D1C-4183-4F78-BA40-75358229B250}"
	ProjectSection(WebsiteProperties) = preProject
		TargetFrameworkMoniker = ".NETFramework,Version%3Dv4.8.1"
		Debug.AspNetCompiler.VirtualPath = "/localhost_58224"
		Debug.AspNetCompiler.PhysicalPath = "..\..\..\OneDrive\Masaüstü\LibrarySystem with database file\LibrarySystem\"
		Debug.AspNetCompiler.TargetPath = "PrecompiledWeb\localhost_58224\"
		Debug.AspNetCompiler.Updateable = "true"
		Debug.AspNetCompiler.ForceOverwrite = "true"
		Debug.AspNetCompiler.FixedNames = "false"
		Debug.AspNetCompiler.Debug = "True"
		Release.AspNetCompiler.VirtualPath = "/localhost_58224"
		Release.AspNetCompiler.PhysicalPath = "..\..\..\OneDrive\Masaüstü\LibrarySystem with database file\LibrarySystem\"
		Release.AspNetCompiler.TargetPath = "PrecompiledWeb\localhost_58224\"
		Release.AspNetCompiler.Updateable = "true"
		Release.AspNetCompiler.ForceOverwrite = "true"
		Release.AspNetCompiler.FixedNames = "false"
		Release.AspNetCompiler.Debug = "False"
		VWDPort = "58224"
	EndProjectSection
EndProject
Global
	GlobalSection(SolutionConfigurationPlatforms) = preSolution
		Debug|Any CPU = Debug|Any CPU
	EndGlobalSection
	GlobalSection(ProjectConfigurationPlatforms) = postSolution
		{B2342D1C-4183-4F78-BA40-75358229B250}.Debug|Any CPU.ActiveCfg = Debug|Any CPU
		{B2342D1C-4183-4F78-BA40-75358229B250}.Debug|Any CPU.Build.0 = Debug|Any CPU
	EndGlobalSection
	GlobalSection(SolutionProperties) = preSolution
		HideSolutionNode = FALSE
	EndGlobalSection
	GlobalSection(ExtensibilityGlobals) = postSolution
		SolutionGuid = {94A250BC-4E14-443C-8C2D-D76AD877F7BE}
	EndGlobalSection
EndGlobal
